
Microsoft Visual Studio Solution File, Format Version 12.00
# Visual Studio Version 17
VisualStudioVersion = 17.8.34330.188
MinimumVisualStudioVersion = 10.0.40219.1
Project("{FAE04EC0-301F-11D3-BF4B-00C04F79EFBC}") = "Console.Kafka", "Console.Kafka.csproj", "{C8DDAB06-6095-4679-914F-6BF1DDF62798}"
EndProject
Global
	GlobalSection(SolutionConfigurationPlatforms) = preSolution
		Debug|Any CPU = Debug|Any CPU
		Release|Any CPU = Release|Any CPU
	EndGlobalSection
	GlobalSection(ProjectConfigurationPlatforms) = postSolution
		{C8DDAB06-6095-4679-914F-6BF1DDF62798}.Debug|Any CPU.ActiveCfg = Debug|Any CPU
		{C8DDAB06-6095-4679-914F-6BF1DDF62798}.Debug|Any CPU.Build.0 = Debug|Any CPU
		{C8DDAB06-6095-4679-914F-6BF1DDF62798}.Release|Any CPU.ActiveCfg = Release|Any CPU
		{C8DDAB06-6095-4679-914F-6BF1DDF62798}.Release|Any CPU.Build.0 = Release|Any CPU
	EndGlobalSection
	GlobalSection(SolutionProperties) = preSolution
		HideSolutionNode = FALSE
	EndGlobalSection
	GlobalSection(ExtensibilityGlobals) = postSolution
		SolutionGuid = {5B2D53F3-90CA-47E4-89DE-0F92BD869F1A}
	EndGlobalSection
EndGlobal
